
Microsoft Visual Studio Solution File, Format Version 12.00
# Visual Studio Version 16
VisualStudioVersion = 16.0.30717.126
MinimumVisualStudioVersion = 10.0.40219.1
Project("{9A19103F-16F7-4668-BE54-9A1E7A4F7556}") = "PhothoStock", "PhothoStock\PhothoStock.csproj", "{BCB06886-28E4-485D-974E-857BF15E2264}"
EndProject
Global
	GlobalSection(SolutionConfigurationPlatforms) = preSolution
		Debug|Any CPU = Debug|Any CPU
		Release|Any CPU = Release|Any CPU
	EndGlobalSection
	GlobalSection(ProjectConfigurationPlatforms) = postSolution
		{BCB06886-28E4-485D-974E-857BF15E2264}.Debug|Any CPU.ActiveCfg = Debug|Any CPU
		{BCB06886-28E4-485D-974E-857BF15E2264}.Debug|Any CPU.Build.0 = Debug|Any CPU
		{BCB06886-28E4-485D-974E-857BF15E2264}.Release|Any CPU.ActiveCfg = Release|Any CPU
		{BCB06886-28E4-485D-974E-857BF15E2264}.Release|Any CPU.Build.0 = Release|Any CPU
	EndGlobalSection
	GlobalSection(SolutionProperties) = preSolution
		HideSolutionNode = FALSE
	EndGlobalSection
	GlobalSection(ExtensibilityGlobals) = postSolution
		SolutionGuid = {87286C12-B919-4D49-94D0-0B7B1002FF0F}
	EndGlobalSection
EndGlobal
